
Microsoft Visual Studio Solution File, Format Version 12.00
# Visual Studio 15
VisualStudioVersion = 15.0.27703.2042
MinimumVisualStudioVersion = 10.0.40219.1
Project("{FAE04EC0-301F-11D3-BF4B-00C04F79EFBC}") = "Funny.Data", "Funny.Data\Funny.Data.csproj", "{CDF2FF2A-01A9-494A-A35E-062E5DD557C7}"
EndProject
Project("{FAE04EC0-301F-11D3-BF4B-00C04F79EFBC}") = "Funny.Data.Test", "Funny.Data.Test\Funny.Data.Test.csproj", "{461A688C-708B-44FA-BBE1-EABAD11B7AFE}"
EndProject
Global
	GlobalSection(SolutionConfigurationPlatforms) = preSolution
		Debug|Any CPU = Debug|Any CPU
		Release|Any CPU = Release|Any CPU
	EndGlobalSection
	GlobalSection(ProjectConfigurationPlatforms) = postSolution
		{CDF2FF2A-01A9-494A-A35E-062E5DD557C7}.Debug|Any CPU.ActiveCfg = Debug|Any CPU
		{CDF2FF2A-01A9-494A-A35E-062E5DD557C7}.Debug|Any CPU.Build.0 = Debug|Any CPU
		{CDF2FF2A-01A9-494A-A35E-062E5DD557C7}.Release|Any CPU.ActiveCfg = Release|Any CPU
		{CDF2FF2A-01A9-494A-A35E-062E5DD557C7}.Release|Any CPU.Build.0 = Release|Any CPU
		{461A688C-708B-44FA-BBE1-EABAD11B7AFE}.Debug|Any CPU.ActiveCfg = Debug|Any CPU
		{461A688C-708B-44FA-BBE1-EABAD11B7AFE}.Debug|Any CPU.Build.0 = Debug|Any CPU
		{461A688C-708B-44FA-BBE1-EABAD11B7AFE}.Release|Any CPU.ActiveCfg = Release|Any CPU
		{461A688C-708B-44FA-BBE1-EABAD11B7AFE}.Release|Any CPU.Build.0 = Release|Any CPU
	EndGlobalSection
	GlobalSection(SolutionProperties) = preSolution
		HideSolutionNode = FALSE
	EndGlobalSection
	GlobalSection(ExtensibilityGlobals) = postSolution
		SolutionGuid = {B41DDB08-8C26-4242-B181-A9303EFF6236}
	EndGlobalSection
EndGlobal
